// !$*UTF8*$!
{
	archiveVersion = 1;
	classes = {
	};
	objectVersion = 50;
	objects = {

/* Begin PBXBuildFile section */
		7133616D22BB58DD00A8268D /* Drone.swift in Sources */ = {isa = PBXBuildFile; fileRef = 7133616C22BB58DD00A8268D /* Drone.swift */; };
		7133616F22BB597A00A8268D /* Global.swift in Sources */ = {isa = PBXBuildFile; fileRef = 7133616E22BB597A00A8268D /* Global.swift */; };
		7133617122BB59C500A8268D /* DroneDummy.swift in Sources */ = {isa = PBXBuildFile; fileRef = 7133617022BB59C500A8268D /* DroneDummy.swift */; };
		7133617322BB5A0F00A8268D /* Protocols.swift in Sources */ = {isa = PBXBuildFile; fileRef = 7133617222BB5A0F00A8268D /* Protocols.swift */; };
		7133617522BB5A5900A8268D /* Enums.swift in Sources */ = {isa = PBXBuildFile; fileRef = 7133617422BB5A5900A8268D /* Enums.swift */; };
		7133617722BB5A9B00A8268D /* DroneManager.swift in Sources */ = {isa = PBXBuildFile; fileRef = 7133617622BB5A9B00A8268D /* DroneManager.swift */; };
		7163AF1A22C4971900935F9A /* GestureViewController.swift in Sources */ = {isa = PBXBuildFile; fileRef = 7163AF1922C4971900935F9A /* GestureViewController.swift */; };
		7174D15922B7764A00B2F060 /* BasicPlusView.swift in Sources */ = {isa = PBXBuildFile; fileRef = 7174D15822B7764A00B2F060 /* BasicPlusView.swift */; };
		71C210F822B1F94C00BA033F /* AppDelegate.swift in Sources */ = {isa = PBXBuildFile; fileRef = 71C210F722B1F94C00BA033F /* AppDelegate.swift */; };
		71C210FC22B1F94C00BA033F /* BasicView.swift in Sources */ = {isa = PBXBuildFile; fileRef = 71C210FB22B1F94C00BA033F /* BasicView.swift */; };
		71C210FF22B1F94C00BA033F /* Main.storyboard in Resources */ = {isa = PBXBuildFile; fileRef = 71C210FD22B1F94C00BA033F /* Main.storyboard */; };
		71C2110122B1F94D00BA033F /* Assets.xcassets in Resources */ = {isa = PBXBuildFile; fileRef = 71C2110022B1F94D00BA033F /* Assets.xcassets */; };
		71C2110422B1F94D00BA033F /* LaunchScreen.storyboard in Resources */ = {isa = PBXBuildFile; fileRef = 71C2110222B1F94D00BA033F /* LaunchScreen.storyboard */; };
/* End PBXBuildFile section */

/* Begin PBXFileReference section */
		7133616C22BB58DD00A8268D /* Drone.swift */ = {isa = PBXFileReference; lastKnownFileType = sourcecode.swift; path = Drone.swift; sourceTree = "<group>"; };
		7133616E22BB597A00A8268D /* Global.swift */ = {isa = PBXFileReference; lastKnownFileType = sourcecode.swift; path = Global.swift; sourceTree = "<group>"; };
		7133617022BB59C500A8268D /* DroneDummy.swift */ = {isa = PBXFileReference; lastKnownFileType = sourcecode.swift; path = DroneDummy.swift; sourceTree = "<group>"; };
		7133617222BB5A0F00A8268D /* Protocols.swift */ = {isa = PBXFileReference; lastKnownFileType = sourcecode.swift; path = Protocols.swift; sourceTree = "<group>"; };
		7133617422BB5A5900A8268D /* Enums.swift */ = {isa = PBXFileReference; lastKnownFileType = sourcecode.swift; path = Enums.swift; sourceTree = "<group>"; };
		7133617622BB5A9B00A8268D /* DroneManager.swift */ = {isa = PBXFileReference; lastKnownFileType = sourcecode.swift; path = DroneManager.swift; sourceTree = "<group>"; };
		7163AF1922C4971900935F9A /* GestureViewController.swift */ = {isa = PBXFileReference; lastKnownFileType = sourcecode.swift; path = GestureViewController.swift; sourceTree = "<group>"; };
		7174D15822B7764A00B2F060 /* BasicPlusView.swift */ = {isa = PBXFileReference; lastKnownFileType = sourcecode.swift; path = BasicPlusView.swift; sourceTree = "<group>"; };
		71C210F422B1F94C00BA033F /* drone.app */ = {isa = PBXFileReference; explicitFileType = wrapper.application; includeInIndex = 0; path = drone.app; sourceTree = BUILT_PRODUCTS_DIR; };
		71C210F722B1F94C00BA033F /* AppDelegate.swift */ = {isa = PBXFileReference; lastKnownFileType = sourcecode.swift; path = AppDelegate.swift; sourceTree = "<group>"; };
		71C210FB22B1F94C00BA033F /* BasicView.swift */ = {isa = PBXFileReference; lastKnownFileType = sourcecode.swift; path = BasicView.swift; sourceTree = "<group>"; };
		71C210FE22B1F94C00BA033F /* Base */ = {isa = PBXFileReference; lastKnownFileType = file.storyboard; name = Base; path = Base.lproj/Main.storyboard; sourceTree = "<group>"; };
		71C2110022B1F94D00BA033F /* Assets.xcassets */ = {isa = PBXFileReference; lastKnownFileType = folder.assetcatalog; path = Assets.xcassets; sourceTree = "<group>"; };
		71C2110322B1F94D00BA033F /* Base */ = {isa = PBXFileReference; lastKnownFileType = file.storyboard; name = Base; path = Base.lproj/LaunchScreen.storyboard; sourceTree = "<group>"; };
		71C2110522B1F94D00BA033F /* Info.plist */ = {isa = PBXFileReference; lastKnownFileType = text.plist.xml; path = Info.plist; sourceTree = "<group>"; };
/* End PBXFileReference section */

/* Begin PBXFrameworksBuildPhase section */
		71C210F122B1F94C00BA033F /* Frameworks */ = {
			isa = PBXFrameworksBuildPhase;
			buildActionMask = 2147483647;
			files = (
			);
			runOnlyForDeploymentPostprocessing = 0;
		};
/* End PBXFrameworksBuildPhase section */

/* Begin PBXGroup section */
		71C210EB22B1F94C00BA033F = {
			isa = PBXGroup;
			children = (
				71C210F622B1F94C00BA033F /* drone */,
				71C210F522B1F94C00BA033F /* Products */,
			);
			sourceTree = "<group>";
		};
		71C210F522B1F94C00BA033F /* Products */ = {
			isa = PBXGroup;
			children = (
				71C210F422B1F94C00BA033F /* drone.app */,
			);
			name = Products;
			sourceTree = "<group>";
		};
		71C210F622B1F94C00BA033F /* drone */ = {
			isa = PBXGroup;
			children = (
				71C210F722B1F94C00BA033F /* AppDelegate.swift */,
				71C210FB22B1F94C00BA033F /* BasicView.swift */,
				7174D15822B7764A00B2F060 /* BasicPlusView.swift */,
				71C210FD22B1F94C00BA033F /* Main.storyboard */,
				7163AF1922C4971900935F9A /* GestureViewController.swift */,
				7133616E22BB597A00A8268D /* Global.swift */,
				7133617222BB5A0F00A8268D /* Protocols.swift */,
				7133617422BB5A5900A8268D /* Enums.swift */,
				7133617622BB5A9B00A8268D /* DroneManager.swift */,
				7133616C22BB58DD00A8268D /* Drone.swift */,
				7133617022BB59C500A8268D /* DroneDummy.swift */,
				71C2110022B1F94D00BA033F /* Assets.xcassets */,
				71C2110222B1F94D00BA033F /* LaunchScreen.storyboard */,
				71C2110522B1F94D00BA033F /* Info.plist */,
			);
			path = drone;
			sourceTree = "<group>";
		};
/* End PBXGroup section */

/* Begin PBXNativeTarget section */
		71C210F322B1F94C00BA033F /* drone */ = {
			isa = PBXNativeTarget;
			buildConfigurationList = 71C2110822B1F94D00BA033F /* Build configuration list for PBXNativeTarget "drone" */;
			buildPhases = (
				71C210F022B1F94C00BA033F /* Sources */,
				71C210F122B1F94C00BA033F /* Frameworks */,
				71C210F222B1F94C00BA033F /* Resources */,
			);
			buildRules = (
			);
			dependencies = (
			);
			name = drone;
			productName = drone;
			productReference = 71C210F422B1F94C00BA033F /* drone.app */;
			productType = "com.apple.product-type.application";
		};
/* End PBXNativeTarget section */

/* Begin PBXProject section */
		71C210EC22B1F94C00BA033F /* Project object */ = {
			isa = PBXProject;
			attributes = {
				LastSwiftUpdateCheck = 1100;
				LastUpgradeCheck = 1100;
				ORGANIZATIONNAME = "HY S";
				TargetAttributes = {
					71C210F322B1F94C00BA033F = {
						CreatedOnToolsVersion = 11.0;
					};
				};
			};
			buildConfigurationList = 71C210EF22B1F94C00BA033F /* Build configuration list for PBXProject "drone" */;
			compatibilityVersion = "Xcode 9.3";
			developmentRegion = en;
			hasScannedForEncodings = 0;
			knownRegions = (
				en,
				Base,
			);
			mainGroup = 71C210EB22B1F94C00BA033F;
			productRefGroup = 71C210F522B1F94C00BA033F /* Products */;
			projectDirPath = "";
			projectRoot = "";
			targets = (
				71C210F322B1F94C00BA033F /* drone */,
			);
		};
/* End PBXProject section */

/* Begin PBXResourcesBuildPhase section */
		71C210F222B1F94C00BA033F /* Resources */ = {
			isa = PBXResourcesBuildPhase;
			buildActionMask = 2147483647;
			files = (
				71C2110422B1F94D00BA033F /* LaunchScreen.storyboard in Resources */,
				71C2110122B1F94D00BA033F /* Assets.xcassets in Resources */,
				71C210FF22B1F94C00BA033F /* Main.storyboard in Resources */,
			);
			runOnlyForDeploymentPostprocessing = 0;
		};
/* End PBXResourcesBuildPhase section */

/* Begin PBXSourcesBuildPhase section */
		71C210F022B1F94C00BA033F /* Sources */ = {
			isa = PBXSourcesBuildPhase;
			buildActionMask = 2147483647;
			files = (
				71C210FC22B1F94C00BA033F /* BasicView.swift in Sources */,
				71C210F822B1F94C00BA033F /* AppDelegate.swift in Sources */,
				7133617322BB5A0F00A8268D /* Protocols.swift in Sources */,
				7133616D22BB58DD00A8268D /* Drone.swift in Sources */,
				7133617122BB59C500A8268D /* DroneDummy.swift in Sources */,
				7133616F22BB597A00A8268D /* Global.swift in Sources */,
				7133617722BB5A9B00A8268D /* DroneManager.swift in Sources */,
				7133617522BB5A5900A8268D /* Enums.swift in Sources */,
				7163AF1A22C4971900935F9A /* GestureViewController.swift in Sources */,
				7174D15922B7764A00B2F060 /* BasicPlusView.swift in Sources */,
			);
			runOnlyForDeploymentPostprocessing = 0;
		};
/* End PBXSourcesBuildPhase section */

/* Begin PBXVariantGroup section */
		71C210FD22B1F94C00BA033F /* Main.storyboard */ = {
			isa = PBXVariantGroup;
			children = (
				71C210FE22B1F94C00BA033F /* Base */,
			);
			name = Main.storyboard;
			sourceTree = "<group>";
		};
		71C2110222B1F94D00BA033F /* LaunchScreen.storyboard */ = {
			isa = PBXVariantGroup;
			children = (
				71C2110322B1F94D00BA033F /* Base */,
			);
			name = LaunchScreen.storyboard;
			sourceTree = "<group>";
		};
/* End PBXVariantGroup section */

/* Begin XCBuildConfiguration section */
		71C2110622B1F94D00BA033F /* Debug */ = {
			isa = XCBuildConfiguration;
			buildSettings = {
				ALWAYS_SEARCH_USER_PATHS = NO;
				CLANG_ANALYZER_NONNULL = YES;
				CLANG_ANALYZER_NUMBER_OBJECT_CONVERSION = YES_AGGRESSIVE;
				CLANG_CXX_LANGUAGE_STANDARD = "gnu++14";
				CLANG_CXX_LIBRARY = "libc++";
				CLANG_ENABLE_MODULES = YES;
				CLANG_ENABLE_OBJC_ARC = YES;
				CLANG_ENABLE_OBJC_WEAK = YES;
				CLANG_WARN_BLOCK_CAPTURE_AUTORELEASING = YES;
				CLANG_WARN_BOOL_CONVERSION = YES;
				CLANG_WARN_COMMA = YES;
				CLANG_WARN_CONSTANT_CONVERSION = YES;
				CLANG_WARN_DEPRECATED_OBJC_IMPLEMENTATIONS = YES;
				CLANG_WARN_DIRECT_OBJC_ISA_USAGE = YES_ERROR;
				CLANG_WARN_DOCUMENTATION_COMMENTS = YES;
				CLANG_WARN_EMPTY_BODY = YES;
				CLANG_WARN_ENUM_CONVERSION = YES;
				CLANG_WARN_INFINITE_RECURSION = YES;
				CLANG_WARN_INT_CONVERSION = YES;
				CLANG_WARN_NON_LITERAL_NULL_CONVERSION = YES;
				CLANG_WARN_OBJC_IMPLICIT_RETAIN_SELF = YES;
				CLANG_WARN_OBJC_LITERAL_CONVERSION = YES;
				CLANG_WARN_OBJC_ROOT_CLASS = YES_ERROR;
				CLANG_WARN_RANGE_LOOP_ANALYSIS = YES;
				CLANG_WARN_STRICT_PROTOTYPES = YES;
				CLANG_WARN_SUSPICIOUS_MOVE = YES;
				CLANG_WARN_UNGUARDED_AVAILABILITY = YES_AGGRESSIVE;
				CLANG_WARN_UNREACHABLE_CODE = YES;
				CLANG_WARN__DUPLICATE_METHOD_MATCH = YES;
				COPY_PHASE_STRIP = NO;
				DEBUG_INFORMATION_FORMAT = dwarf;
				ENABLE_STRICT_OBJC_MSGSEND = YES;
				ENABLE_TESTABILITY = YES;
				GCC_C_LANGUAGE_STANDARD = gnu11;
				GCC_DYNAMIC_NO_PIC = NO;
				GCC_NO_COMMON_BLOCKS = YES;
				GCC_OPTIMIZATION_LEVEL = 0;
				GCC_PREPROCESSOR_DEFINITIONS = (
					"DEBUG=1",
					"$(inherited)",
				);
				GCC_WARN_64_TO_32_BIT_CONVERSION = YES;
				GCC_WARN_ABOUT_RETURN_TYPE = YES_ERROR;
				GCC_WARN_UNDECLARED_SELECTOR = YES;
				GCC_WARN_UNINITIALIZED_AUTOS = YES_AGGRESSIVE;
				GCC_WARN_UNUSED_FUNCTION = YES;
				GCC_WARN_UNUSED_VARIABLE = YES;
				IPHONEOS_DEPLOYMENT_TARGET = 12.2;
				MTL_ENABLE_DEBUG_INFO = INCLUDE_SOURCE;
				MTL_FAST_MATH = YES;
				ONLY_ACTIVE_ARCH = YES;
				SDKROOT = iphoneos;
				SWIFT_ACTIVE_COMPILATION_CONDITIONS = DEBUG;
				SWIFT_OPTIMIZATION_LEVEL = "-Onone";
			};
			name = Debug;
		};
		71C2110722B1F94D00BA033F /* Release */ = {
			isa = XCBuildConfiguration;
			buildSettings = {
				ALWAYS_SEARCH_USER_PATHS = NO;
				CLANG_ANALYZER_NONNULL = YES;
				CLANG_ANALYZER_NUMBER_OBJECT_CONVERSION = YES_AGGRESSIVE;
				CLANG_CXX_LANGUAGE_STANDARD = "gnu++14";
				CLANG_CXX_LIBRARY = "libc++";
				CLANG_ENABLE_MODULES = YES;
				CLANG_ENABLE_OBJC_ARC = YES;
				CLANG_ENABLE_OBJC_WEAK = YES;
				CLANG_WARN_BLOCK_CAPTURE_AUTORELEASING = YES;
				CLANG_WARN_BOOL_CONVERSION = YES;
				CLANG_WARN_COMMA = YES;
				CLANG_WARN_CONSTANT_CONVERSION = YES;
				CLANG_WARN_DEPRECATED_OBJC_IMPLEMENTATIONS = YES;
				CLANG_WARN_DIRECT_OBJC_ISA_USAGE = YES_ERROR;
				CLANG_WARN_DOCUMENTATION_COMMENTS = YES;
				CLANG_WARN_EMPTY_BODY = YES;
				CLANG_WARN_ENUM_CONVERSION = YES;
				CLANG_WARN_INFINITE_RECURSION = YES;
				CLANG_WARN_INT_CONVERSION = YES;
				CLANG_WARN_NON_LITERAL_NULL_CONVERSION = YES;
				CLANG_WARN_OBJC_IMPLICIT_RETAIN_SELF = YES;
				CLANG_WARN_OBJC_LITERAL_CONVERSION = YES;
				CLANG_WARN_OBJC_ROOT_CLASS = YES_ERROR;
				CLANG_WARN_RANGE_LOOP_ANALYSIS = YES;
				CLANG_WARN_STRICT_PROTOTYPES = YES;
				CLANG_WARN_SUSPICIOUS_MOVE = YES;
				CLANG_WARN_UNGUARDED_AVAILABILITY = YES_AGGRESSIVE;
				CLANG_WARN_UNREACHABLE_CODE = YES;
				CLANG_WARN__DUPLICATE_METHOD_MATCH = YES;
				COPY_PHASE_STRIP = NO;
				DEBUG_INFORMATION_FORMAT = "dwarf-with-dsym";
				ENABLE_NS_ASSERTIONS = NO;
				ENABLE_STRICT_OBJC_MSGSEND = YES;
				GCC_C_LANGUAGE_STANDARD = gnu11;
				GCC_NO_COMMON_BLOCKS = YES;
				GCC_WARN_64_TO_32_BIT_CONVERSION = YES;
				GCC_WARN_ABOUT_RETURN_TYPE = YES_ERROR;
				GCC_WARN_UNDECLARED_SELECTOR = YES;
				GCC_WARN_UNINITIALIZED_AUTOS = YES_AGGRESSIVE;
				GCC_WARN_UNUSED_FUNCTION = YES;
				GCC_WARN_UNUSED_VARIABLE = YES;
				IPHONEOS_DEPLOYMENT_TARGET = 12.2;
				MTL_ENABLE_DEBUG_INFO = NO;
				MTL_FAST_MATH = YES;
				SDKROOT = iphoneos;
				SWIFT_COMPILATION_MODE = wholemodule;
				SWIFT_OPTIMIZATION_LEVEL = "-O";
				VALIDATE_PRODUCT = YES;
			};
			name = Release;
		};
		71C2110922B1F94D00BA033F /* Debug */ = {
			isa = XCBuildConfiguration;
			buildSettings = {
				ASSETCATALOG_COMPILER_APPICON_NAME = AppIcon;
				CODE_SIGN_STYLE = Automatic;
				CURRENT_PROJECT_VERSION = 3;
				DEVELOPMENT_TEAM = T84X5VQX2Z;
				INFOPLIST_FILE = drone/Info.plist;
				LD_RUNPATH_SEARCH_PATHS = (
					"$(inherited)",
					"@executable_path/Frameworks",
				);
				MARKETING_VERSION = 1.1.0;
				PRODUCT_BUNDLE_IDENTIFIER = com.HongyuS.drone;
				PRODUCT_NAME = "$(TARGET_NAME)";
				SWIFT_VERSION = 5.0;
				TARGETED_DEVICE_FAMILY = "1,2";
			};
			name = Debug;
		};
		71C2110A22B1F94D00BA033F /* Release */ = {
			isa = XCBuildConfiguration;
			buildSettings = {
				ASSETCATALOG_COMPILER_APPICON_NAME = AppIcon;
				CODE_SIGN_STYLE = Automatic;
				CURRENT_PROJECT_VERSION = 3;
				DEVELOPMENT_TEAM = T84X5VQX2Z;
				INFOPLIST_FILE = drone/Info.plist;
				LD_RUNPATH_SEARCH_PATHS = (
					"$(inherited)",
					"@executable_path/Frameworks",
				);
				MARKETING_VERSION = 1.1.0;
				PRODUCT_BUNDLE_IDENTIFIER = com.HongyuS.drone;
				PRODUCT_NAME = "$(TARGET_NAME)";
				SWIFT_VERSION = 5.0;
				TARGETED_DEVICE_FAMILY = "1,2";
			};
			name = Release;
		};
/* End XCBuildConfiguration section */

/* Begin XCConfigurationList section */
		71C210EF22B1F94C00BA033F /* Build configuration list for PBXProject "drone" */ = {
			isa = XCConfigurationList;
			buildConfigurations = (
				71C2110622B1F94D00BA033F /* Debug */,
				71C2110722B1F94D00BA033F /* Release */,
			);
			defaultConfigurationIsVisible = 0;
			defaultConfigurationName = Release;
		};
		71C2110822B1F94D00BA033F /* Build configuration list for PBXNativeTarget "drone" */ = {
			isa = XCConfigurationList;
			buildConfigurations = (
				71C2110922B1F94D00BA033F /* Debug */,
				71C2110A22B1F94D00BA033F /* Release */,
			);
			defaultConfigurationIsVisible = 0;
			defaultConfigurationName = Release;
		};
/* End XCConfigurationList section */
	};
	rootObject = 71C210EC22B1F94C00BA033F /* Project object */;
}
